
Microsoft Visual Studio Solution File, Format Version 12.00
# Visual Studio Version 17
VisualStudioVersion = 17.7.34024.191
MinimumVisualStudioVersion = 10.0.40219.1
Project("{FAE04EC0-301F-11D3-BF4B-00C04F79EFBC}") = "cadastroAtletas", "cadastroAtletas\cadastroAtletas.csproj", "{E518903D-C74C-4068-9A3B-D255A8B886FF}"
EndProject
Global
	GlobalSection(SolutionConfigurationPlatforms) = preSolution
		Debug|Any CPU = Debug|Any CPU
		Release|Any CPU = Release|Any CPU
	EndGlobalSection
	GlobalSection(ProjectConfigurationPlatforms) = postSolution
		{E518903D-C74C-4068-9A3B-D255A8B886FF}.Debug|Any CPU.ActiveCfg = Debug|Any CPU
		{E518903D-C74C-4068-9A3B-D255A8B886FF}.Debug|Any CPU.Build.0 = Debug|Any CPU
		{E518903D-C74C-4068-9A3B-D255A8B886FF}.Release|Any CPU.ActiveCfg = Release|Any CPU
		{E518903D-C74C-4068-9A3B-D255A8B886FF}.Release|Any CPU.Build.0 = Release|Any CPU
	EndGlobalSection
	GlobalSection(SolutionProperties) = preSolution
		HideSolutionNode = FALSE
	EndGlobalSection
	GlobalSection(ExtensibilityGlobals) = postSolution
		SolutionGuid = {BB382C95-5E75-47BE-9462-18FEBEF6EE5C}
	EndGlobalSection
EndGlobal
